// !$*UTF8*$!
{
	archiveVersion = 1;
	classes = {
	};
	objectVersion = 46;
	objects = {

/* Begin PBXBuildFile section */
		4E02135014F4B27E006304E6 /* Option.m in Sources */ = {isa = PBXBuildFile; fileRef = 4E02134F14F4B27E006304E6 /* Option.m */; };
		4E05D4C214F72D76004065B3 /* OptionGroup.m in Sources */ = {isa = PBXBuildFile; fileRef = 4E05D4C114F72D76004065B3 /* OptionGroup.m */; };
		4E3A8AAE14FC9AB100B4050C /* Default@2x.png in Resources */ = {isa = PBXBuildFile; fileRef = 4E3A8AAD14FC9AB100B4050C /* Default@2x.png */; };
		4E55379914F345E500DCDEFE /* CoreLocation.framework in Frameworks */ = {isa = PBXBuildFile; fileRef = 4E55379614F3439A00DCDEFE /* CoreLocation.framework */; };
		4E87A73714F9A5FB003C3809 /* Tracker.m in Sources */ = {isa = PBXBuildFile; fileRef = 4E87A73614F9A5FB003C3809 /* Tracker.m */; };
		4E87A73F14F9AAE6003C3809 /* SignificantChangeTracker.m in Sources */ = {isa = PBXBuildFile; fileRef = 4E87A73E14F9AAE6003C3809 /* SignificantChangeTracker.m */; };
		4E87A74314F9AC2A003C3809 /* RegionTracker.m in Sources */ = {isa = PBXBuildFile; fileRef = 4E87A74214F9AC2A003C3809 /* RegionTracker.m */; };
		4EB0657814FB273D00E191C2 /* MessageUI.framework in Frameworks */ = {isa = PBXBuildFile; fileRef = 4EB0657714FB273D00E191C2 /* MessageUI.framework */; };
		4EB0658214FB3ABB00E191C2 /* email.png in Resources */ = {isa = PBXBuildFile; fileRef = 4EB0658114FB3ABB00E191C2 /* email.png */; };
		4EB0658614FB3BD800E191C2 /* control.png in Resources */ = {isa = PBXBuildFile; fileRef = 4EB0658514FB3BD800E191C2 /* control.png */; };
		4EB0658814FB3C3400E191C2 /* logs.png in Resources */ = {isa = PBXBuildFile; fileRef = 4EB0658714FB3C3400E191C2 /* logs.png */; };
		4EB0658E14FB3D7C00E191C2 /* Icon.png in Resources */ = {isa = PBXBuildFile; fileRef = 4EB0658D14FB3D7C00E191C2 /* Icon.png */; };
		4EB5BC1614F94C5800232A33 /* LocationTracker.m in Sources */ = {isa = PBXBuildFile; fileRef = 4EB5BC1514F94C5800232A33 /* LocationTracker.m */; };
		4EE503DF14F1F49E00C5F307 /* UIKit.framework in Frameworks */ = {isa = PBXBuildFile; fileRef = 4EE503DE14F1F49E00C5F307 /* UIKit.framework */; };
		4EE503E114F1F49E00C5F307 /* Foundation.framework in Frameworks */ = {isa = PBXBuildFile; fileRef = 4EE503E014F1F49E00C5F307 /* Foundation.framework */; };
		4EE503E314F1F49E00C5F307 /* CoreGraphics.framework in Frameworks */ = {isa = PBXBuildFile; fileRef = 4EE503E214F1F49E00C5F307 /* CoreGraphics.framework */; };
		4EE503E914F1F49E00C5F307 /* InfoPlist.strings in Resources */ = {isa = PBXBuildFile; fileRef = 4EE503E714F1F49E00C5F307 /* InfoPlist.strings */; };
		4EE503EB14F1F49E00C5F307 /* main.m in Sources */ = {isa = PBXBuildFile; fileRef = 4EE503EA14F1F49E00C5F307 /* main.m */; };
		4EE503EF14F1F49E00C5F307 /* AppDelegate.m in Sources */ = {isa = PBXBuildFile; fileRef = 4EE503EE14F1F49E00C5F307 /* AppDelegate.m */; };
		4EE503F214F1F49E00C5F307 /* MainStoryboard.storyboard in Resources */ = {isa = PBXBuildFile; fileRef = 4EE503F014F1F49E00C5F307 /* MainStoryboard.storyboard */; };
		4EE503FC14F1F49E00C5F307 /* LogViewController.m in Sources */ = {isa = PBXBuildFile; fileRef = 4EE503FB14F1F49E00C5F307 /* LogViewController.m */; };
		4EE5040814F1F65200C5F307 /* ControlViewController.m in Sources */ = {isa = PBXBuildFile; fileRef = 4EE5040714F1F65200C5F307 /* ControlViewController.m */; };
		4EE5040B14F1FCB400C5F307 /* OptionsViewController.m in Sources */ = {isa = PBXBuildFile; fileRef = 4EE5040A14F1FCB400C5F307 /* OptionsViewController.m */; };
/* End PBXBuildFile section */

/* Begin PBXFileReference section */
		4E02134E14F4B27E006304E6 /* Option.h */ = {isa = PBXFileReference; fileEncoding = 4; lastKnownFileType = sourcecode.c.h; path = Option.h; sourceTree = "<group>"; };
		4E02134F14F4B27E006304E6 /* Option.m */ = {isa = PBXFileReference; fileEncoding = 4; lastKnownFileType = sourcecode.c.objc; path = Option.m; sourceTree = "<group>"; };
		4E05D4C014F72D76004065B3 /* OptionGroup.h */ = {isa = PBXFileReference; fileEncoding = 4; lastKnownFileType = sourcecode.c.h; path = OptionGroup.h; sourceTree = "<group>"; };
		4E05D4C114F72D76004065B3 /* OptionGroup.m */ = {isa = PBXFileReference; fileEncoding = 4; lastKnownFileType = sourcecode.c.objc; path = OptionGroup.m; sourceTree = "<group>"; };
		4E3A8AAD14FC9AB100B4050C /* Default@2x.png */ = {isa = PBXFileReference; lastKnownFileType = image.png; name = "Default@2x.png"; path = "../Default@2x.png"; sourceTree = "<group>"; };
		4E4B02841505C85C009F5955 /* README.textile */ = {isa = PBXFileReference; lastKnownFileType = text; path = README.textile; sourceTree = "<group>"; };
		4E4B02861505D592009F5955 /* README-Controls.png */ = {isa = PBXFileReference; path = "README-Controls.png"; sourceTree = "<group>"; };
		4E4B02871505D5BE009F5955 /* README-Logs.png */ = {isa = PBXFileReference; path = "README-Logs.png"; sourceTree = "<group>"; };
		4E55379614F3439A00DCDEFE /* CoreLocation.framework */ = {isa = PBXFileReference; lastKnownFileType = wrapper.framework; name = CoreLocation.framework; path = System/Library/Frameworks/CoreLocation.framework; sourceTree = SDKROOT; };
		4E87A73514F9A5FB003C3809 /* Tracker.h */ = {isa = PBXFileReference; fileEncoding = 4; indentWidth = 4; lastKnownFileType = sourcecode.c.h; path = Tracker.h; sourceTree = "<group>"; tabWidth = 4; usesTabs = 0; wrapsLines = 1; };
		4E87A73614F9A5FB003C3809 /* Tracker.m */ = {isa = PBXFileReference; fileEncoding = 4; indentWidth = 4; lastKnownFileType = sourcecode.c.objc; path = Tracker.m; sourceTree = "<group>"; tabWidth = 4; usesTabs = 0; wrapsLines = 1; };
		4E87A73D14F9AAE6003C3809 /* SignificantChangeTracker.h */ = {isa = PBXFileReference; fileEncoding = 4; lastKnownFileType = sourcecode.c.h; path = SignificantChangeTracker.h; sourceTree = "<group>"; };
		4E87A73E14F9AAE6003C3809 /* SignificantChangeTracker.m */ = {isa = PBXFileReference; fileEncoding = 4; lastKnownFileType = sourcecode.c.objc; path = SignificantChangeTracker.m; sourceTree = "<group>"; };
		4E87A74114F9AC2A003C3809 /* RegionTracker.h */ = {isa = PBXFileReference; fileEncoding = 4; lastKnownFileType = sourcecode.c.h; path = RegionTracker.h; sourceTree = "<group>"; };
		4E87A74214F9AC2A003C3809 /* RegionTracker.m */ = {isa = PBXFileReference; fileEncoding = 4; lastKnownFileType = sourcecode.c.objc; path = RegionTracker.m; sourceTree = "<group>"; };
		4EB0657714FB273D00E191C2 /* MessageUI.framework */ = {isa = PBXFileReference; lastKnownFileType = wrapper.framework; name = MessageUI.framework; path = System/Library/Frameworks/MessageUI.framework; sourceTree = SDKROOT; };
		4EB0658114FB3ABB00E191C2 /* email.png */ = {isa = PBXFileReference; lastKnownFileType = image.png; path = email.png; sourceTree = "<group>"; };
		4EB0658514FB3BD800E191C2 /* control.png */ = {isa = PBXFileReference; lastKnownFileType = image.png; path = control.png; sourceTree = "<group>"; };
		4EB0658714FB3C3400E191C2 /* logs.png */ = {isa = PBXFileReference; lastKnownFileType = image.png; path = logs.png; sourceTree = "<group>"; };
		4EB0658D14FB3D7C00E191C2 /* Icon.png */ = {isa = PBXFileReference; lastKnownFileType = image.png; name = Icon.png; path = ../Icon.png; sourceTree = "<group>"; };
		4EB5BC1414F94C5800232A33 /* LocationTracker.h */ = {isa = PBXFileReference; fileEncoding = 4; lastKnownFileType = sourcecode.c.h; path = LocationTracker.h; sourceTree = "<group>"; };
		4EB5BC1514F94C5800232A33 /* LocationTracker.m */ = {isa = PBXFileReference; fileEncoding = 4; lastKnownFileType = sourcecode.c.objc; path = LocationTracker.m; sourceTree = "<group>"; };
		4EE503DA14F1F49E00C5F307 /* LocationTester.app */ = {isa = PBXFileReference; explicitFileType = wrapper.application; includeInIndex = 0; path = LocationTester.app; sourceTree = BUILT_PRODUCTS_DIR; };
		4EE503DE14F1F49E00C5F307 /* UIKit.framework */ = {isa = PBXFileReference; lastKnownFileType = wrapper.framework; name = UIKit.framework; path = System/Library/Frameworks/UIKit.framework; sourceTree = SDKROOT; };
		4EE503E014F1F49E00C5F307 /* Foundation.framework */ = {isa = PBXFileReference; lastKnownFileType = wrapper.framework; name = Foundation.framework; path = System/Library/Frameworks/Foundation.framework; sourceTree = SDKROOT; };
		4EE503E214F1F49E00C5F307 /* CoreGraphics.framework */ = {isa = PBXFileReference; lastKnownFileType = wrapper.framework; name = CoreGraphics.framework; path = System/Library/Frameworks/CoreGraphics.framework; sourceTree = SDKROOT; };
		4EE503E614F1F49E00C5F307 /* LocationTester-Info.plist */ = {isa = PBXFileReference; lastKnownFileType = text.plist.xml; path = "LocationTester-Info.plist"; sourceTree = "<group>"; };
		4EE503E814F1F49E00C5F307 /* en */ = {isa = PBXFileReference; lastKnownFileType = text.plist.strings; name = en; path = en.lproj/InfoPlist.strings; sourceTree = "<group>"; };
		4EE503EA14F1F49E00C5F307 /* main.m */ = {isa = PBXFileReference; lastKnownFileType = sourcecode.c.objc; path = main.m; sourceTree = "<group>"; };
		4EE503EC14F1F49E00C5F307 /* LocationTester-Prefix.pch */ = {isa = PBXFileReference; lastKnownFileType = sourcecode.c.h; path = "LocationTester-Prefix.pch"; sourceTree = "<group>"; };
		4EE503ED14F1F49E00C5F307 /* AppDelegate.h */ = {isa = PBXFileReference; lastKnownFileType = sourcecode.c.h; path = AppDelegate.h; sourceTree = "<group>"; };
		4EE503EE14F1F49E00C5F307 /* AppDelegate.m */ = {isa = PBXFileReference; lastKnownFileType = sourcecode.c.objc; path = AppDelegate.m; sourceTree = "<group>"; };
		4EE503F114F1F49E00C5F307 /* en */ = {isa = PBXFileReference; lastKnownFileType = file.storyboard; name = en; path = en.lproj/MainStoryboard.storyboard; sourceTree = "<group>"; };
		4EE503FA14F1F49E00C5F307 /* LogViewController.h */ = {isa = PBXFileReference; lastKnownFileType = sourcecode.c.h; path = LogViewController.h; sourceTree = "<group>"; };
		4EE503FB14F1F49E00C5F307 /* LogViewController.m */ = {isa = PBXFileReference; lastKnownFileType = sourcecode.c.objc; path = LogViewController.m; sourceTree = "<group>"; };
		4EE5040614F1F65200C5F307 /* ControlViewController.h */ = {isa = PBXFileReference; fileEncoding = 4; lastKnownFileType = sourcecode.c.h; path = ControlViewController.h; sourceTree = "<group>"; };
		4EE5040714F1F65200C5F307 /* ControlViewController.m */ = {isa = PBXFileReference; fileEncoding = 4; lastKnownFileType = sourcecode.c.objc; path = ControlViewController.m; sourceTree = "<group>"; };
		4EE5040914F1FCB400C5F307 /* OptionsViewController.h */ = {isa = PBXFileReference; fileEncoding = 4; lastKnownFileType = sourcecode.c.h; path = OptionsViewController.h; sourceTree = "<group>"; };
		4EE5040A14F1FCB400C5F307 /* OptionsViewController.m */ = {isa = PBXFileReference; fileEncoding = 4; lastKnownFileType = sourcecode.c.objc; path = OptionsViewController.m; sourceTree = "<group>"; };
/* End PBXFileReference section */

/* Begin PBXFrameworksBuildPhase section */
		4EE503D714F1F49E00C5F307 /* Frameworks */ = {
			isa = PBXFrameworksBuildPhase;
			buildActionMask = 2147483647;
			files = (
				4EB0657814FB273D00E191C2 /* MessageUI.framework in Frameworks */,
				4EE503DF14F1F49E00C5F307 /* UIKit.framework in Frameworks */,
				4EE503E114F1F49E00C5F307 /* Foundation.framework in Frameworks */,
				4EE503E314F1F49E00C5F307 /* CoreGraphics.framework in Frameworks */,
				4E55379914F345E500DCDEFE /* CoreLocation.framework in Frameworks */,
			);
			runOnlyForDeploymentPostprocessing = 0;
		};
/* End PBXFrameworksBuildPhase section */

/* Begin PBXGroup section */
		4E4B02851505D568009F5955 /* Readme */ = {
			isa = PBXGroup;
			children = (
				4E4B02841505C85C009F5955 /* README.textile */,
				4E4B02861505D592009F5955 /* README-Controls.png */,
				4E4B02871505D5BE009F5955 /* README-Logs.png */,
			);
			name = Readme;
			sourceTree = "<group>";
		};
		4EB5BC1114F94BEB00232A33 /* Controls */ = {
			isa = PBXGroup;
			children = (
				4EE5040614F1F65200C5F307 /* ControlViewController.h */,
				4EE5040714F1F65200C5F307 /* ControlViewController.m */,
				4EE5040914F1FCB400C5F307 /* OptionsViewController.h */,
				4EE5040A14F1FCB400C5F307 /* OptionsViewController.m */,
				4E02134E14F4B27E006304E6 /* Option.h */,
				4E02134F14F4B27E006304E6 /* Option.m */,
				4E05D4C014F72D76004065B3 /* OptionGroup.h */,
				4E05D4C114F72D76004065B3 /* OptionGroup.m */,
			);
			name = Controls;
			sourceTree = "<group>";
		};
		4EB5BC1314F94C3400232A33 /* Location */ = {
			isa = PBXGroup;
			children = (
				4E87A73514F9A5FB003C3809 /* Tracker.h */,
				4E87A73614F9A5FB003C3809 /* Tracker.m */,
				4EB5BC1414F94C5800232A33 /* LocationTracker.h */,
				4EB5BC1514F94C5800232A33 /* LocationTracker.m */,
				4E87A73D14F9AAE6003C3809 /* SignificantChangeTracker.h */,
				4E87A73E14F9AAE6003C3809 /* SignificantChangeTracker.m */,
				4E87A74114F9AC2A003C3809 /* RegionTracker.h */,
				4E87A74214F9AC2A003C3809 /* RegionTracker.m */,
			);
			name = Location;
			sourceTree = "<group>";
		};
		4EE503CF14F1F49E00C5F307 = {
			isa = PBXGroup;
			children = (
				4E4B02851505D568009F5955 /* Readme */,
				4EE503E414F1F49E00C5F307 /* LocationTester */,
				4EE503DD14F1F49E00C5F307 /* Frameworks */,
				4EE503DB14F1F49E00C5F307 /* Products */,
			);
			sourceTree = "<group>";
		};
		4EE503DB14F1F49E00C5F307 /* Products */ = {
			isa = PBXGroup;
			children = (
				4EE503DA14F1F49E00C5F307 /* LocationTester.app */,
			);
			name = Products;
			sourceTree = "<group>";
		};
		4EE503DD14F1F49E00C5F307 /* Frameworks */ = {
			isa = PBXGroup;
			children = (
				4E55379614F3439A00DCDEFE /* CoreLocation.framework */,
				4EB0657714FB273D00E191C2 /* MessageUI.framework */,
				4EE503DE14F1F49E00C5F307 /* UIKit.framework */,
				4EE503E014F1F49E00C5F307 /* Foundation.framework */,
				4EE503E214F1F49E00C5F307 /* CoreGraphics.framework */,
			);
			name = Frameworks;
			sourceTree = "<group>";
		};
		4EE503E414F1F49E00C5F307 /* LocationTester */ = {
			isa = PBXGroup;
			children = (
				4EB5BC1114F94BEB00232A33 /* Controls */,
				4EB5BC1314F94C3400232A33 /* Location */,
				4EE503ED14F1F49E00C5F307 /* AppDelegate.h */,
				4EE503EE14F1F49E00C5F307 /* AppDelegate.m */,
				4EE503F014F1F49E00C5F307 /* MainStoryboard.storyboard */,
				4EE503FA14F1F49E00C5F307 /* LogViewController.h */,
				4EE503FB14F1F49E00C5F307 /* LogViewController.m */,
				4EE503E514F1F49E00C5F307 /* Supporting Files */,
			);
			path = LocationTester;
			sourceTree = "<group>";
		};
		4EE503E514F1F49E00C5F307 /* Supporting Files */ = {
			isa = PBXGroup;
			children = (
				4EB0658D14FB3D7C00E191C2 /* Icon.png */,
				4E3A8AAD14FC9AB100B4050C /* Default@2x.png */,
				4EB0658514FB3BD800E191C2 /* control.png */,
				4EB0658114FB3ABB00E191C2 /* email.png */,
				4EB0658714FB3C3400E191C2 /* logs.png */,
				4EE503E614F1F49E00C5F307 /* LocationTester-Info.plist */,
				4EE503E714F1F49E00C5F307 /* InfoPlist.strings */,
				4EE503EA14F1F49E00C5F307 /* main.m */,
				4EE503EC14F1F49E00C5F307 /* LocationTester-Prefix.pch */,
			);
			name = "Supporting Files";
			sourceTree = "<group>";
		};
/* End PBXGroup section */

/* Begin PBXNativeTarget section */
		4EE503D914F1F49E00C5F307 /* LocationTester */ = {
			isa = PBXNativeTarget;
			buildConfigurationList = 4EE5040314F1F49E00C5F307 /* Build configuration list for PBXNativeTarget "LocationTester" */;
			buildPhases = (
				4EE503D614F1F49E00C5F307 /* Sources */,
				4EE503D714F1F49E00C5F307 /* Frameworks */,
				4EE503D814F1F49E00C5F307 /* Resources */,
			);
			buildRules = (
			);
			dependencies = (
			);
			name = LocationTester;
			productName = LocationTester;
			productReference = 4EE503DA14F1F49E00C5F307 /* LocationTester.app */;
			productType = "com.apple.product-type.application";
		};
/* End PBXNativeTarget section */

/* Begin PBXProject section */
		4EE503D114F1F49E00C5F307 /* Project object */ = {
			isa = PBXProject;
			attributes = {
				LastUpgradeCheck = 0420;
			};
			buildConfigurationList = 4EE503D414F1F49E00C5F307 /* Build configuration list for PBXProject "LocationTester" */;
			compatibilityVersion = "Xcode 3.2";
			developmentRegion = English;
			hasScannedForEncodings = 0;
			knownRegions = (
				en,
			);
			mainGroup = 4EE503CF14F1F49E00C5F307;
			productRefGroup = 4EE503DB14F1F49E00C5F307 /* Products */;
			projectDirPath = "";
			projectRoot = "";
			targets = (
				4EE503D914F1F49E00C5F307 /* LocationTester */,
			);
		};
/* End PBXProject section */

/* Begin PBXResourcesBuildPhase section */
		4EE503D814F1F49E00C5F307 /* Resources */ = {
			isa = PBXResourcesBuildPhase;
			buildActionMask = 2147483647;
			files = (
				4EE503E914F1F49E00C5F307 /* InfoPlist.strings in Resources */,
				4EE503F214F1F49E00C5F307 /* MainStoryboard.storyboard in Resources */,
				4EB0658214FB3ABB00E191C2 /* email.png in Resources */,
				4EB0658614FB3BD800E191C2 /* control.png in Resources */,
				4EB0658814FB3C3400E191C2 /* logs.png in Resources */,
				4EB0658E14FB3D7C00E191C2 /* Icon.png in Resources */,
				4E3A8AAE14FC9AB100B4050C /* Default@2x.png in Resources */,
			);
			runOnlyForDeploymentPostprocessing = 0;
		};
/* End PBXResourcesBuildPhase section */

/* Begin PBXSourcesBuildPhase section */
		4EE503D614F1F49E00C5F307 /* Sources */ = {
			isa = PBXSourcesBuildPhase;
			buildActionMask = 2147483647;
			files = (
				4EE503EB14F1F49E00C5F307 /* main.m in Sources */,
				4EE503EF14F1F49E00C5F307 /* AppDelegate.m in Sources */,
				4EE503FC14F1F49E00C5F307 /* LogViewController.m in Sources */,
				4EE5040814F1F65200C5F307 /* ControlViewController.m in Sources */,
				4EE5040B14F1FCB400C5F307 /* OptionsViewController.m in Sources */,
				4E02135014F4B27E006304E6 /* Option.m in Sources */,
				4E05D4C214F72D76004065B3 /* OptionGroup.m in Sources */,
				4EB5BC1614F94C5800232A33 /* LocationTracker.m in Sources */,
				4E87A73714F9A5FB003C3809 /* Tracker.m in Sources */,
				4E87A73F14F9AAE6003C3809 /* SignificantChangeTracker.m in Sources */,
				4E87A74314F9AC2A003C3809 /* RegionTracker.m in Sources */,
			);
			runOnlyForDeploymentPostprocessing = 0;
		};
/* End PBXSourcesBuildPhase section */

/* Begin PBXVariantGroup section */
		4EE503E714F1F49E00C5F307 /* InfoPlist.strings */ = {
			isa = PBXVariantGroup;
			children = (
				4EE503E814F1F49E00C5F307 /* en */,
			);
			name = InfoPlist.strings;
			sourceTree = "<group>";
		};
		4EE503F014F1F49E00C5F307 /* MainStoryboard.storyboard */ = {
			isa = PBXVariantGroup;
			children = (
				4EE503F114F1F49E00C5F307 /* en */,
			);
			name = MainStoryboard.storyboard;
			sourceTree = "<group>";
		};
/* End PBXVariantGroup section */

/* Begin XCBuildConfiguration section */
		4EE5040114F1F49E00C5F307 /* Debug */ = {
			isa = XCBuildConfiguration;
			buildSettings = {
				ALWAYS_SEARCH_USER_PATHS = NO;
				ARCHS = "$(ARCHS_STANDARD_32_BIT)";
				CLANG_ENABLE_OBJC_ARC = YES;
				"CODE_SIGN_IDENTITY[sdk=iphoneos*]" = "iPhone Developer";
				COPY_PHASE_STRIP = NO;
				GCC_C_LANGUAGE_STANDARD = gnu99;
				GCC_DYNAMIC_NO_PIC = NO;
				GCC_OPTIMIZATION_LEVEL = 0;
				GCC_PREPROCESSOR_DEFINITIONS = (
					"DEBUG=1",
					"$(inherited)",
				);
				GCC_SYMBOLS_PRIVATE_EXTERN = NO;
				GCC_VERSION = com.apple.compilers.llvm.clang.1_0;
				GCC_WARN_ABOUT_MISSING_PROTOTYPES = YES;
				GCC_WARN_ABOUT_RETURN_TYPE = YES;
				GCC_WARN_UNUSED_VARIABLE = YES;
				IPHONEOS_DEPLOYMENT_TARGET = 5.0;
				SDKROOT = iphoneos;
			};
			name = Debug;
		};
		4EE5040214F1F49E00C5F307 /* Release */ = {
			isa = XCBuildConfiguration;
			buildSettings = {
				ALWAYS_SEARCH_USER_PATHS = NO;
				ARCHS = "$(ARCHS_STANDARD_32_BIT)";
				CLANG_ENABLE_OBJC_ARC = YES;
				"CODE_SIGN_IDENTITY[sdk=iphoneos*]" = "iPhone Developer";
				COPY_PHASE_STRIP = YES;
				GCC_C_LANGUAGE_STANDARD = gnu99;
				GCC_VERSION = com.apple.compilers.llvm.clang.1_0;
				GCC_WARN_ABOUT_MISSING_PROTOTYPES = YES;
				GCC_WARN_ABOUT_RETURN_TYPE = YES;
				GCC_WARN_UNUSED_VARIABLE = YES;
				IPHONEOS_DEPLOYMENT_TARGET = 5.0;
				OTHER_CFLAGS = "-DNS_BLOCK_ASSERTIONS=1";
				SDKROOT = iphoneos;
				VALIDATE_PRODUCT = YES;
			};
			name = Release;
		};
		4EE5040414F1F49E00C5F307 /* Debug */ = {
			isa = XCBuildConfiguration;
			buildSettings = {
				GCC_PRECOMPILE_PREFIX_HEADER = YES;
				GCC_PREFIX_HEADER = "LocationTester/LocationTester-Prefix.pch";
				GCC_VERSION = "";
				INFOPLIST_FILE = "LocationTester/LocationTester-Info.plist";
				IPHONEOS_DEPLOYMENT_TARGET = 5.0;
				PRODUCT_NAME = "$(TARGET_NAME)";
				WRAPPER_EXTENSION = app;
			};
			name = Debug;
		};
		4EE5040514F1F49E00C5F307 /* Release */ = {
			isa = XCBuildConfiguration;
			buildSettings = {
				GCC_PRECOMPILE_PREFIX_HEADER = YES;
				GCC_PREFIX_HEADER = "LocationTester/LocationTester-Prefix.pch";
				GCC_VERSION = "";
				INFOPLIST_FILE = "LocationTester/LocationTester-Info.plist";
				IPHONEOS_DEPLOYMENT_TARGET = 5.0;
				PRODUCT_NAME = "$(TARGET_NAME)";
				WRAPPER_EXTENSION = app;
			};
			name = Release;
		};
/* End XCBuildConfiguration section */

/* Begin XCConfigurationList section */
		4EE503D414F1F49E00C5F307 /* Build configuration list for PBXProject "LocationTester" */ = {
			isa = XCConfigurationList;
			buildConfigurations = (
				4EE5040114F1F49E00C5F307 /* Debug */,
				4EE5040214F1F49E00C5F307 /* Release */,
			);
			defaultConfigurationIsVisible = 0;
			defaultConfigurationName = Release;
		};
		4EE5040314F1F49E00C5F307 /* Build configuration list for PBXNativeTarget "LocationTester" */ = {
			isa = XCConfigurationList;
			buildConfigurations = (
				4EE5040414F1F49E00C5F307 /* Debug */,
				4EE5040514F1F49E00C5F307 /* Release */,
			);
			defaultConfigurationIsVisible = 0;
			defaultConfigurationName = Release;
		};
/* End XCConfigurationList section */
	};
	rootObject = 4EE503D114F1F49E00C5F307 /* Project object */;
}
